
Microsoft Visual Studio Solution File, Format Version 12.00
# Visual Studio Version 17
VisualStudioVersion = 17.9.34616.47
MinimumVisualStudioVersion = 10.0.40219.1
Project("{FAE04EC0-301F-11D3-BF4B-00C04F79EFBC}") = "E-commerce-MVC", "E-commerce-MVC.csproj", "{9E166CEC-FA4A-4E13-A1DD-661C4994095A}"
EndProject
Global
	GlobalSection(SolutionConfigurationPlatforms) = preSolution
		Debug|Any CPU = Debug|Any CPU
		Release|Any CPU = Release|Any CPU
	EndGlobalSection
	GlobalSection(ProjectConfigurationPlatforms) = postSolution
		{9E166CEC-FA4A-4E13-A1DD-661C4994095A}.Debug|Any CPU.ActiveCfg = Debug|Any CPU
		{9E166CEC-FA4A-4E13-A1DD-661C4994095A}.Debug|Any CPU.Build.0 = Debug|Any CPU
		{9E166CEC-FA4A-4E13-A1DD-661C4994095A}.Release|Any CPU.ActiveCfg = Release|Any CPU
		{9E166CEC-FA4A-4E13-A1DD-661C4994095A}.Release|Any CPU.Build.0 = Release|Any CPU
	EndGlobalSection
	GlobalSection(SolutionProperties) = preSolution
		HideSolutionNode = FALSE
	EndGlobalSection
	GlobalSection(ExtensibilityGlobals) = postSolution
		SolutionGuid = {3EFE5FF0-91B5-40EC-ACDC-35604FDBEB18}
	EndGlobalSection
EndGlobal
